
Microsoft Visual Studio Solution File, Format Version 12.00
# Visual Studio 15
VisualStudioVersion = 15.0.27428.2043
MinimumVisualStudioVersion = 10.0.40219.1
Project("{9A19103F-16F7-4668-BE54-9A1E7A4F7556}") = "NEWDB", "NEWDB\NEWDB.csproj", "{B40FA6AC-B092-4CCA-81AE-92E68E6BEF44}"
EndProject
Global
	GlobalSection(SolutionConfigurationPlatforms) = preSolution
		Debug|Any CPU = Debug|Any CPU
		Release|Any CPU = Release|Any CPU
	EndGlobalSection
	GlobalSection(ProjectConfigurationPlatforms) = postSolution
		{B40FA6AC-B092-4CCA-81AE-92E68E6BEF44}.Debug|Any CPU.ActiveCfg = Debug|Any CPU
		{B40FA6AC-B092-4CCA-81AE-92E68E6BEF44}.Debug|Any CPU.Build.0 = Debug|Any CPU
		{B40FA6AC-B092-4CCA-81AE-92E68E6BEF44}.Release|Any CPU.ActiveCfg = Release|Any CPU
		{B40FA6AC-B092-4CCA-81AE-92E68E6BEF44}.Release|Any CPU.Build.0 = Release|Any CPU
	EndGlobalSection
	GlobalSection(SolutionProperties) = preSolution
		HideSolutionNode = FALSE
	EndGlobalSection
	GlobalSection(ExtensibilityGlobals) = postSolution
		SolutionGuid = {07DBA9BE-53BD-44A5-BCE9-6B6925C0ABA8}
	EndGlobalSection
EndGlobal
